# THIS IS AN AUTOGENERATED FILE. DO NOT EDIT THIS FILE DIRECTLY.
# yarn lockfile v1


"@esbuild/darwin-arm64@0.19.10":
  version "0.19.10"
  resolved "https://registry.npmjs.org/@esbuild/darwin-arm64/-/darwin-arm64-0.19.10.tgz"
  integrity sha512-YSRRs2zOpwypck+6GL3wGXx2gNP7DXzetmo5pHXLrY/VIMsS59yKfjPizQ4lLt5vEI80M41gjm2BxrGZ5U+VMA==

"@types/debug@^4.1.7":
  version "4.1.7"
  resolved "https://registry.npmjs.org/@types/debug/-/debug-4.1.7.tgz"
  integrity sha512-9AonUzyTjXXhEOa0DnqpzZi6VHlqKMswga9EXjpXnnqxwLtdvPPtlO8evrI5D9S6asFRCQ6v+wpiUKbw+vKqyg==
  dependencies:
    "@types/ms" "*"

"@types/lodash@^4.14.182":
  version "4.14.192"
  resolved "https://registry.npmjs.org/@types/lodash/-/lodash-4.14.192.tgz"
  integrity sha512-km+Vyn3BYm5ytMO13k9KTp27O75rbQ0NFw+U//g+PX7VZyjCioXaRFisqSIJRECljcTv73G3i6BpglNGHgUQ5A==

"@types/ms@*":
  version "0.7.31"
  resolved "https://registry.npmjs.org/@types/ms/-/ms-0.7.31.tgz"
  integrity sha512-iiUgKzV9AuaEkZqkOLDIvlQiL6ltuZd9tGcW3gwpnX8JbuiuhFlEGmmFXEXkN50Cvq7Os88IY2v0dkDqXYWVgA==

"@types/node@^20.10.5":
  version "20.10.5"
  resolved "https://registry.npmjs.org/@types/node/-/node-20.10.5.tgz"
  integrity sha512-nNPsNE65wjMxEKI93yOP+NPGGBJz/PoN3kZsVLee0XMiJolxSekEVD8wRwBUBqkwc7UWop0edW50yrCQW4CyRw==
  dependencies:
    undici-types "~5.26.4"

debug@^4.3.4:
  version "4.3.4"
  resolved "https://registry.npmjs.org/debug/-/debug-4.3.4.tgz"
  integrity sha512-PRWFHuSU3eDtQJPvnNY7Jcket1j0t5OuOsFzPPzsekD52Zl8qUfFIPEiswXqIvHWGVHOgX+7G/vCNNhehwxfkQ==
  dependencies:
    ms "2.1.2"

esbuild@~0.19.10:
  version "0.19.10"
  resolved "https://registry.npmjs.org/esbuild/-/esbuild-0.19.10.tgz"
  integrity sha512-S1Y27QGt/snkNYrRcswgRFqZjaTG5a5xM3EQo97uNBnH505pdzSNe/HLBq1v0RO7iK/ngdbhJB6mDAp0OK+iUA==
  optionalDependencies:
    "@esbuild/aix-ppc64" "0.19.10"
    "@esbuild/android-arm" "0.19.10"
    "@esbuild/android-arm64" "0.19.10"
    "@esbuild/android-x64" "0.19.10"
    "@esbuild/darwin-arm64" "0.19.10"
    "@esbuild/darwin-x64" "0.19.10"
    "@esbuild/freebsd-arm64" "0.19.10"
    "@esbuild/freebsd-x64" "0.19.10"
    "@esbuild/linux-arm" "0.19.10"
    "@esbuild/linux-arm64" "0.19.10"
    "@esbuild/linux-ia32" "0.19.10"
    "@esbuild/linux-loong64" "0.19.10"
    "@esbuild/linux-mips64el" "0.19.10"
    "@esbuild/linux-ppc64" "0.19.10"
    "@esbuild/linux-riscv64" "0.19.10"
    "@esbuild/linux-s390x" "0.19.10"
    "@esbuild/linux-x64" "0.19.10"
    "@esbuild/netbsd-x64" "0.19.10"
    "@esbuild/openbsd-x64" "0.19.10"
    "@esbuild/sunos-x64" "0.19.10"
    "@esbuild/win32-arm64" "0.19.10"
    "@esbuild/win32-ia32" "0.19.10"
    "@esbuild/win32-x64" "0.19.10"

fsevents@~2.3.3:
  version "2.3.3"
  resolved "https://registry.npmjs.org/fsevents/-/fsevents-2.3.3.tgz"
  integrity sha512-5xoDfX+fL7faATnagmWPpbFtwh/R77WmMMqqHGS65C3vvB0YHrgF+B1YmZ3441tMj5n63k0212XNoJwzlhffQw==

get-tsconfig@^4.7.2:
  version "4.7.2"
  resolved "https://registry.npmjs.org/get-tsconfig/-/get-tsconfig-4.7.2.tgz"
  integrity sha512-wuMsz4leaj5hbGgg4IvDU0bqJagpftG5l5cXIAvo8uZrqn0NJqwtfupTN00VnkQJPcIRrxYrm1Ue24btpCha2A==
  dependencies:
    resolve-pkg-maps "^1.0.0"

lodash@^4.17.21:
  version "4.17.21"
  resolved "https://registry.npmjs.org/lodash/-/lodash-4.17.21.tgz"
  integrity sha512-v2kDEe57lecTulaDIuNTPy3Ry4gLGJ6Z1O3vE1krgXZNrsQ+LFTGHVxVjcXPs17LhbZVGedAJv8XZ1tvj5FvSg==

ms@2.1.2:
  version "2.1.2"
  resolved "https://registry.npmjs.org/ms/-/ms-2.1.2.tgz"
  integrity sha512-sGkPx+VjMtmA6MX27oA4FBFELFCZZ4S4XqeGOXCv68tT+jb3vk/RyaKWP0PTKyWtmLSM0b+adUTEvbs1PEaH2w==

node-insim@latest:
  version "4.0.0"
  resolved "https://registry.npmjs.org/node-insim/-/node-insim-4.0.0.tgz"
  integrity sha512-UxPji2rvYOCMADIVR0KmSdoLgvjGfRkGquri58j7d2liR5463zWIMnkbL4AgJIRXcUsvO/g3l1eWrEyNaq4tYw==
  dependencies:
    "@types/debug" "^4.1.7"
    "@types/lodash" "^4.14.182"
    debug "^4.3.4"
    lodash "^4.17.21"
    parse-lfs-message "^1.2.4"
    reflect-metadata "^0.1.13"
    supports-color "^9.2.3"
    tiny-typed-emitter "^2.1.0"
    unicode-to-lfs "^2.0.0"

parse-lfs-message@^1.2.4:
  version "1.2.4"
  resolved "https://registry.npmjs.org/parse-lfs-message/-/parse-lfs-message-1.2.4.tgz"
  integrity sha512-P3tXbk4VHJOA7lBaDe0JKrpKas82/kcPtvn7diA4fuYGpm4YgTCUdaCV1SkTZ0FVUuegLIRLs/v9PwqyrlBmNg==

reflect-metadata@^0.1.13:
  version "0.1.13"
  resolved "https://registry.npmjs.org/reflect-metadata/-/reflect-metadata-0.1.13.tgz"
  integrity sha512-Ts1Y/anZELhSsjMcU605fU9RE4Oi3p5ORujwbIKXfWa+0Zxs510Qrmrce5/Jowq3cHSZSJqBjypxmHarc+vEWg==

resolve-pkg-maps@^1.0.0:
  version "1.0.0"
  resolved "https://registry.npmjs.org/resolve-pkg-maps/-/resolve-pkg-maps-1.0.0.tgz"
  integrity sha512-seS2Tj26TBVOC2NIc2rOe2y2ZO7efxITtLZcGSOnHHNOQ7CkiUBfw0Iw2ck6xkIhPwLhKNLS8BO+hEpngQlqzw==

supports-color@^9.2.3:
  version "9.3.1"
  resolved "https://registry.npmjs.org/supports-color/-/supports-color-9.3.1.tgz"
  integrity sha512-knBY82pjmnIzK3NifMo3RxEIRD9E0kIzV4BKcyTZ9+9kWgLMxd4PrsTSMoFQUabgRBbF8KOLRDCyKgNV+iK44Q==

tiny-typed-emitter@^2.1.0:
  version "2.1.0"
  resolved "https://registry.npmjs.org/tiny-typed-emitter/-/tiny-typed-emitter-2.1.0.tgz"
  integrity sha512-qVtvMxeXbVej0cQWKqVSSAHmKZEHAvxdF8HEUBFWts8h+xEo5m/lEiPakuyZ3BnCBjOD8i24kzNOiOLLgsSxhA==

tsx@^4.7.0:
  version "4.7.0"
  resolved "https://registry.npmjs.org/tsx/-/tsx-4.7.0.tgz"
  integrity sha512-I+t79RYPlEYlHn9a+KzwrvEwhJg35h/1zHsLC2JXvhC2mdynMv6Zxzvhv5EMV6VF5qJlLlkSnMVvdZV3PSIGcg==
  dependencies:
    esbuild "~0.19.10"
    get-tsconfig "^4.7.2"
  optionalDependencies:
    fsevents "~2.3.3"

typescript@^5.3.3:
  version "5.3.3"
  resolved "https://registry.npmjs.org/typescript/-/typescript-5.3.3.tgz"
  integrity sha512-pXWcraxM0uxAS+tN0AG/BF2TyqmHO014Z070UsJ+pFvYuRSq8KH8DmWpnbXe0pEPDHXZV3FcAbJkijJ5oNEnWw==

undici-types@~5.26.4:
  version "5.26.5"
  resolved "https://registry.npmjs.org/undici-types/-/undici-types-5.26.5.tgz"
  integrity sha512-JlCMO+ehdEIKqlFxk6IfVoAUVmgz7cU7zD/h9XZ0qzeosSHmUJVOzSQvvYSYWXkFXC+IfLKSIffhv0sVZup6pA==

unicode-to-lfs@^2.0.0:
  version "2.0.0"
  resolved "https://registry.npmjs.org/unicode-to-lfs/-/unicode-to-lfs-2.0.0.tgz"
  integrity sha512-5KHJgzDaQOPou5kgIoF3kSSRP9t2OkDScUb4yqZv7wpM2Tdufj7e00Bbb4K28O5LWh2IY3vwyctnu44hTmTEUQ==
